{
  "pins" : [
    {
      "identity" : "xcglogger",
      "kind" : "remoteSourceControl",
      "location" : "https://github.com/phil1995/XCGLogger.git",
      "state" : {
        "branch" : "feature/linux_support",
        "revision" : "f7314bc336b500d484025d4ca209a1c7f26ed685"
      }
    }
  ],
  "version" : 2
}
